{
  "name": "example",
  "version": "1.0.0",
  "lockfileVersion": 1,
  "requires": true,
  "dependencies": {
    "hotmod": {
      "version": "0.0.2",
      "resolved": "https://registry.npmjs.org/hotmod/-/hotmod-0.0.2.tgz",
      "integrity": "sha512-mkgiIxOj98LQGnKC+R+04xuezYVjVPn8/D8peK4gu2Wp1Wz5B++qTOLs1vm/VFYqmi/MLw03KD6pCqMx/J8Q0A=="
    }
  }
}
